
Microsoft Visual Studio Solution File, Format Version 12.00
# Visual Studio Version 16
VisualStudioVersion = 16.0.31624.102
MinimumVisualStudioVersion = 10.0.40219.1
Project("{9A19103F-16F7-4668-BE54-9A1E7A4F7556}") = "PostLand.Domain", "PostLand.Domain\PostLand.Domain.csproj", "{801EC7FF-4CD2-42DA-8663-01842037D9A0}"
EndProject
Project("{2150E333-8FDC-42A3-9474-1A3956D46DE8}") = "src", "src", "{61072D94-78B6-4E3E-B1AD-33BCE5FE9AF1}"
EndProject
Project("{2150E333-8FDC-42A3-9474-1A3956D46DE8}") = "test", "test", "{6740E91C-91BE-455B-B4D7-297D2E266915}"
EndProject
Project("{2150E333-8FDC-42A3-9474-1A3956D46DE8}") = "core", "core", "{4C64B332-0464-49ED-A2C5-D84F82CDB99B}"
EndProject
Project("{2150E333-8FDC-42A3-9474-1A3956D46DE8}") = "Infrastructure", "Infrastructure", "{3737367A-218D-4230-AE31-1E5A6B6CEA54}"
EndProject
Project("{2150E333-8FDC-42A3-9474-1A3956D46DE8}") = "UI", "UI", "{C4F23836-ED24-44CE-9F33-A33E153368D4}"
EndProject
Project("{2150E333-8FDC-42A3-9474-1A3956D46DE8}") = "API", "API", "{9F9060BD-F905-405C-A7B5-C89C483AB56E}"
EndProject
Project("{FAE04EC0-301F-11D3-BF4B-00C04F79EFBC}") = "PostLand.Application", "PostLand.Application\PostLand.Application.csproj", "{A0439B55-1E79-4C1A-9187-F5EB00648001}"
EndProject
Global
	GlobalSection(SolutionConfigurationPlatforms) = preSolution
		Debug|Any CPU = Debug|Any CPU
		Release|Any CPU = Release|Any CPU
	EndGlobalSection
	GlobalSection(ProjectConfigurationPlatforms) = postSolution
		{801EC7FF-4CD2-42DA-8663-01842037D9A0}.Debug|Any CPU.ActiveCfg = Debug|Any CPU
		{801EC7FF-4CD2-42DA-8663-01842037D9A0}.Debug|Any CPU.Build.0 = Debug|Any CPU
		{801EC7FF-4CD2-42DA-8663-01842037D9A0}.Release|Any CPU.ActiveCfg = Release|Any CPU
		{801EC7FF-4CD2-42DA-8663-01842037D9A0}.Release|Any CPU.Build.0 = Release|Any CPU
		{A0439B55-1E79-4C1A-9187-F5EB00648001}.Debug|Any CPU.ActiveCfg = Debug|Any CPU
		{A0439B55-1E79-4C1A-9187-F5EB00648001}.Debug|Any CPU.Build.0 = Debug|Any CPU
		{A0439B55-1E79-4C1A-9187-F5EB00648001}.Release|Any CPU.ActiveCfg = Release|Any CPU
		{A0439B55-1E79-4C1A-9187-F5EB00648001}.Release|Any CPU.Build.0 = Release|Any CPU
	EndGlobalSection
	GlobalSection(SolutionProperties) = preSolution
		HideSolutionNode = FALSE
	EndGlobalSection
	GlobalSection(NestedProjects) = preSolution
		{801EC7FF-4CD2-42DA-8663-01842037D9A0} = {4C64B332-0464-49ED-A2C5-D84F82CDB99B}
		{4C64B332-0464-49ED-A2C5-D84F82CDB99B} = {61072D94-78B6-4E3E-B1AD-33BCE5FE9AF1}
		{3737367A-218D-4230-AE31-1E5A6B6CEA54} = {61072D94-78B6-4E3E-B1AD-33BCE5FE9AF1}
		{C4F23836-ED24-44CE-9F33-A33E153368D4} = {61072D94-78B6-4E3E-B1AD-33BCE5FE9AF1}
		{9F9060BD-F905-405C-A7B5-C89C483AB56E} = {61072D94-78B6-4E3E-B1AD-33BCE5FE9AF1}
		{A0439B55-1E79-4C1A-9187-F5EB00648001} = {4C64B332-0464-49ED-A2C5-D84F82CDB99B}
	EndGlobalSection
	GlobalSection(ExtensibilityGlobals) = postSolution
		SolutionGuid = {9692CE8A-F753-443A-A1AF-91A79C4F2FD5}
	EndGlobalSection
EndGlobal
